schema: '2.0'
stages:
  train:
    cmd: python src/model.py
    deps:
    - path: src/model.py
      hash: md5
      md5: 0e72a05caec204e6609e6a9aae7becf9
      size: 13946
    - path: test/test.csv
      hash: md5
      md5: 0a814867ccc5249e2faf21b2b24eb9ff
      size: 20438
    - path: train/train.csv
      hash: md5
      md5: 7e36e5ec496d4e62f6aa72906f438269
      size: 72154
    params:
      params.yaml:
        data:
          target_column: target_encoded
        model:
          name: mlp_classifier
          hidden_layers:
          - 64
          - 32
          - 16
          activation: relu
          dropout: 0.223
          l2_reg: 0.0001
          learning_rate: 0.001
          loss: sparse_categorical_crossentropy
        paths:
          source_data: data/cleaned_dataset.csv
          train_data: train/train.csv
          test_data: test/test.csv
          new_data: data/new_data.csv
          combined_train_data: artifacts/data/train_with_new_data.csv
          base_model_path: models/base_model.keras
          base_legacy_model_path: models/base_model.h5
          monitor_model_path: models/base_model.keras
          model_path: models/model.keras
          legacy_model_path: models/model.h5
          scaler_path: artifacts/preprocessing/scaler.joblib
          feature_columns_path: artifacts/preprocessing/feature_columns.json
          feature_info_path: artifacts/preprocessing/feature_info.json
          training_history_path: artifacts/metrics/training_history.json
          train_metrics_path: artifacts/metrics/train_metrics.json
          test_metrics_path: artifacts/metrics/test_metrics.json
          evaluation_metrics_path: artifacts/metrics/evaluation_metrics.json
          classification_report_path: 
            artifacts/metrics/classification_report.json
          retrain_metrics_path: artifacts/metrics/retrain_metrics.json
          retrain_history_path: artifacts/metrics/retrain_history.json
          monitoring_metrics_path: artifacts/metrics/monitoring_metrics.json
          training_metadata_path: artifacts/metadata/training_metadata.json
          evaluation_metadata_path: artifacts/metadata/evaluation_metadata.json
          new_data_metadata_path: artifacts/metadata/new_data_metadata.json
          retrain_metadata_path: artifacts/metadata/retrain_metadata.json
          last_retrain_path: artifacts/metadata/last_retrain.txt
          model_version_path: artifacts/metadata/model_version.txt
          monitoring_summary_path: artifacts/metadata/monitoring_summary.json
          retraining_flags_path: artifacts/metadata/retraining_flags.json
          x_test_path: artifacts/data/X_test.npy
          y_test_path: artifacts/data/y_test.npy
          x_new_path: artifacts/data/X_new.npy
          x_new_2d_path: artifacts/data/X_new_2d.npy
          y_new_path: artifacts/data/y_new.npy
          aligned_new_data_path: artifacts/data/new_data_aligned.csv
          test_predictions_path: artifacts/data/test_predictions.csv
          submission_path: artifacts/data/submission.csv
          confusion_matrix_plot_path: reports/confusion_matrix.png
          prediction_distribution_plot_path: reports/prediction_distribution.png
        preprocessing:
          imputer_strategy: median
          standard_scale_columns:
          - BMI
          minmax_scale_columns:
          - Eating_risk
          - Activity_risk
          - Lifestyle_risk
        training:
          random_state: 42
          epochs: 100
          batch_size: 64
          validation_split: 0.435
          verbose: 1
          early_stopping:
            enabled: true
            monitor: val_loss
            patience: 20
            restore_best_weights: true
    outs:
    - path: artifacts/data/X_test.npy
      hash: md5
      md5: 52fb932ae15afd0f9b47f5b7316396d4
      size: 8448
    - path: artifacts/data/y_test.npy
      hash: md5
      md5: 2c5ecf8bdbfb08e4733f5419cab037a1
      size: 3456
    - path: artifacts/metadata/training_metadata.json
      hash: md5
      md5: 4c5786e71f8cab6e2b3ddc8483768dbd
      size: 398
    - path: artifacts/metrics/test_metrics.json
      hash: md5
      md5: 535c7fdcaa1284a92c0dc76753459f8f
      size: 275
    - path: artifacts/metrics/train_metrics.json
      hash: md5
      md5: dc667862f2f11742900be0b3b07185fb
      size: 274
    - path: artifacts/metrics/training_history.json
      hash: md5
      md5: 65924c081ca2a25db4666b32ff4f4baf
      size: 9711
    - path: artifacts/preprocessing/feature_columns.json
      hash: md5
      md5: 0ce27d72bebd467ee73803aa947af729
      size: 103
    - path: artifacts/preprocessing/feature_info.json
      hash: md5
      md5: d42d1ba3ddccf219c4b57f9fe4c00638
      size: 704
    - path: artifacts/preprocessing/scaler.joblib
      hash: md5
      md5: 349d897e42175f1745efae1ce46acb54
      size: 3778
    - path: models/base_model.h5
      hash: md5
      md5: 1e8b413019684474f140304ff870d194
      size: 79736
    - path: models/base_model.keras
      hash: md5
      md5: 68cbcd6c10273229ab5f97f0f57622cd
      size: 74774
  evaluate:
    cmd: python src/evaluate.py
    deps:
    - path: artifacts/data/X_test.npy
      hash: md5
      md5: 52fb932ae15afd0f9b47f5b7316396d4
      size: 8448
    - path: artifacts/data/y_test.npy
      hash: md5
      md5: 2c5ecf8bdbfb08e4733f5419cab037a1
      size: 3456
    - path: artifacts/metadata/last_retrain.txt
      hash: md5
      md5: b5e9cc70c07bbdcbaa2c1a5806dfee70
      size: 40
    - path: artifacts/preprocessing/feature_info.json
      hash: md5
      md5: d42d1ba3ddccf219c4b57f9fe4c00638
      size: 704
    - path: models/model.keras
      hash: md5
      md5: 68cbcd6c10273229ab5f97f0f57622cd
      size: 74774
    - path: src/evaluate.py
      hash: md5
      md5: c3660bf7d2852c4a64c4a0fc7ab7df17
      size: 7058
    params:
      params.yaml:
        paths:
          source_data: data/cleaned_dataset.csv
          train_data: train/train.csv
          test_data: test/test.csv
          new_data: data/new_data.csv
          combined_train_data: artifacts/data/train_with_new_data.csv
          base_model_path: models/base_model.keras
          base_legacy_model_path: models/base_model.h5
          monitor_model_path: models/base_model.keras
          model_path: models/model.keras
          legacy_model_path: models/model.h5
          scaler_path: artifacts/preprocessing/scaler.joblib
          feature_columns_path: artifacts/preprocessing/feature_columns.json
          feature_info_path: artifacts/preprocessing/feature_info.json
          training_history_path: artifacts/metrics/training_history.json
          train_metrics_path: artifacts/metrics/train_metrics.json
          test_metrics_path: artifacts/metrics/test_metrics.json
          evaluation_metrics_path: artifacts/metrics/evaluation_metrics.json
          classification_report_path: 
            artifacts/metrics/classification_report.json
          retrain_metrics_path: artifacts/metrics/retrain_metrics.json
          retrain_history_path: artifacts/metrics/retrain_history.json
          monitoring_metrics_path: artifacts/metrics/monitoring_metrics.json
          training_metadata_path: artifacts/metadata/training_metadata.json
          evaluation_metadata_path: artifacts/metadata/evaluation_metadata.json
          new_data_metadata_path: artifacts/metadata/new_data_metadata.json
          retrain_metadata_path: artifacts/metadata/retrain_metadata.json
          last_retrain_path: artifacts/metadata/last_retrain.txt
          model_version_path: artifacts/metadata/model_version.txt
          monitoring_summary_path: artifacts/metadata/monitoring_summary.json
          retraining_flags_path: artifacts/metadata/retraining_flags.json
          x_test_path: artifacts/data/X_test.npy
          y_test_path: artifacts/data/y_test.npy
          x_new_path: artifacts/data/X_new.npy
          x_new_2d_path: artifacts/data/X_new_2d.npy
          y_new_path: artifacts/data/y_new.npy
          aligned_new_data_path: artifacts/data/new_data_aligned.csv
          test_predictions_path: artifacts/data/test_predictions.csv
          submission_path: artifacts/data/submission.csv
          confusion_matrix_plot_path: reports/confusion_matrix.png
          prediction_distribution_plot_path: reports/prediction_distribution.png
    outs:
    - path: artifacts/data/submission.csv
      hash: md5
      md5: e159f67f945c19327aa88adcef5e77de
      size: 2404
    - path: artifacts/data/test_predictions.csv
      hash: md5
      md5: f23b2b1cd27d3b5a84ff82f5af32af5c
      size: 46765
    - path: artifacts/metadata/evaluation_metadata.json
      hash: md5
      md5: eefbe8ac907fc4e3e7ccbc3adbf652a5
      size: 327
    - path: artifacts/metrics/classification_report.json
      hash: md5
      md5: fb105157b83425bc484a1743fcca9b16
      size: 1285
    - path: artifacts/metrics/evaluation_metrics.json
      hash: md5
      md5: 535c7fdcaa1284a92c0dc76753459f8f
      size: 275
    - path: reports/confusion_matrix.png
      hash: md5
      md5: 656b3848a7c6a2419bb7fae41a874658
      size: 107567
    - path: reports/prediction_distribution.png
      hash: md5
      md5: 18839dafe182d7edaa7532c7bf4af6d5
      size: 77451
  preprocess_new_data:
    cmd: python src/preprocess_new_data.py
    deps:
    - path: artifacts/preprocessing/feature_info.json
      hash: md5
      md5: d42d1ba3ddccf219c4b57f9fe4c00638
      size: 704
    - path: artifacts/preprocessing/scaler.joblib
      hash: md5
      md5: 349d897e42175f1745efae1ce46acb54
      size: 3778
    - path: data/new_data.csv
      hash: md5
      md5: 69dd91dc4dc953bedd230436801ca77e
      size: 10674
    - path: src/preprocess_new_data.py
      hash: md5
      md5: e45dd1f65d807d2551f6df08d070908d
      size: 5927
    - path: train/train.csv
      hash: md5
      md5: 7e36e5ec496d4e62f6aa72906f438269
      size: 72154
    params:
      params.yaml:
        paths:
          source_data: data/cleaned_dataset.csv
          train_data: train/train.csv
          test_data: test/test.csv
          new_data: data/new_data.csv
          combined_train_data: artifacts/data/train_with_new_data.csv
          base_model_path: models/base_model.keras
          base_legacy_model_path: models/base_model.h5
          monitor_model_path: models/base_model.keras
          model_path: models/model.keras
          legacy_model_path: models/model.h5
          scaler_path: artifacts/preprocessing/scaler.joblib
          feature_columns_path: artifacts/preprocessing/feature_columns.json
          feature_info_path: artifacts/preprocessing/feature_info.json
          training_history_path: artifacts/metrics/training_history.json
          train_metrics_path: artifacts/metrics/train_metrics.json
          test_metrics_path: artifacts/metrics/test_metrics.json
          evaluation_metrics_path: artifacts/metrics/evaluation_metrics.json
          classification_report_path: 
            artifacts/metrics/classification_report.json
          retrain_metrics_path: artifacts/metrics/retrain_metrics.json
          retrain_history_path: artifacts/metrics/retrain_history.json
          monitoring_metrics_path: artifacts/metrics/monitoring_metrics.json
          training_metadata_path: artifacts/metadata/training_metadata.json
          evaluation_metadata_path: artifacts/metadata/evaluation_metadata.json
          new_data_metadata_path: artifacts/metadata/new_data_metadata.json
          retrain_metadata_path: artifacts/metadata/retrain_metadata.json
          last_retrain_path: artifacts/metadata/last_retrain.txt
          model_version_path: artifacts/metadata/model_version.txt
          monitoring_summary_path: artifacts/metadata/monitoring_summary.json
          retraining_flags_path: artifacts/metadata/retraining_flags.json
          x_test_path: artifacts/data/X_test.npy
          y_test_path: artifacts/data/y_test.npy
          x_new_path: artifacts/data/X_new.npy
          x_new_2d_path: artifacts/data/X_new_2d.npy
          y_new_path: artifacts/data/y_new.npy
          aligned_new_data_path: artifacts/data/new_data_aligned.csv
          test_predictions_path: artifacts/data/test_predictions.csv
          submission_path: artifacts/data/submission.csv
          confusion_matrix_plot_path: reports/confusion_matrix.png
          prediction_distribution_plot_path: reports/prediction_distribution.png
    outs:
    - path: artifacts/data/X_new.npy
      hash: md5
      md5: 2ae08a83bbce1aa956583c8b250f1e5a
      size: 4308
    - path: artifacts/data/X_new_2d.npy
      hash: md5
      md5: 804585a9c809ffe5c1f0aeff56552d2c
      size: 4308
    - path: artifacts/data/new_data_aligned.csv
      hash: md5
      md5: 9a0b0915862f9735e4483f8791816d5b
      size: 10666
    - path: artifacts/data/train_with_new_data.csv
      hash: md5
      md5: ae28d762b9d709b48a58aa0bed276a4e
      size: 82655
    - path: artifacts/data/y_new.npy
      hash: md5
      md5: f4737ecb39900539096d4432b978ca02
      size: 964
    - path: artifacts/metadata/new_data_metadata.json
      hash: md5
      md5: 6229e122a74bbd5d761f9f83c3677c54
      size: 395
  monitor:
    cmd: python src/monitor.py
    deps:
    - path: artifacts/data/X_new.npy
      hash: md5
      md5: 2ae08a83bbce1aa956583c8b250f1e5a
      size: 4308
    - path: artifacts/data/X_test.npy
      hash: md5
      md5: 52fb932ae15afd0f9b47f5b7316396d4
      size: 8448
    - path: artifacts/data/y_new.npy
      hash: md5
      md5: f4737ecb39900539096d4432b978ca02
      size: 964
    - path: artifacts/data/y_test.npy
      hash: md5
      md5: 2c5ecf8bdbfb08e4733f5419cab037a1
      size: 3456
    - path: artifacts/preprocessing/feature_info.json
      hash: md5
      md5: d42d1ba3ddccf219c4b57f9fe4c00638
      size: 704
    - path: data/new_data.csv
      hash: md5
      md5: 69dd91dc4dc953bedd230436801ca77e
      size: 10674
    - path: models/base_model.keras
      hash: md5
      md5: 68cbcd6c10273229ab5f97f0f57622cd
      size: 74774
    - path: src/monitor.py
      hash: md5
      md5: ce9ea250e180686a2029bdf8929d4391
      size: 20804
    - path: train/train.csv
      hash: md5
      md5: 7e36e5ec496d4e62f6aa72906f438269
      size: 72154
    params:
      params.yaml:
        data:
          target_column: target_encoded
        monitoring:
          min_labelled_new_rows: 20
          accuracy_drop_threshold: 0.05
          precision_drop_threshold: 0.05
          recall_drop_threshold: 0.05
          f1_drop_threshold: 0.05
          mean_shift_threshold: 0.2
          std_shift_threshold: 0.3
          ks_pvalue_threshold: 0.05
          class_dist_threshold: 0.1
          missing_rate_threshold: 0.05
        paths:
          source_data: data/cleaned_dataset.csv
          train_data: train/train.csv
          test_data: test/test.csv
          new_data: data/new_data.csv
          combined_train_data: artifacts/data/train_with_new_data.csv
          base_model_path: models/base_model.keras
          base_legacy_model_path: models/base_model.h5
          monitor_model_path: models/base_model.keras
          model_path: models/model.keras
          legacy_model_path: models/model.h5
          scaler_path: artifacts/preprocessing/scaler.joblib
          feature_columns_path: artifacts/preprocessing/feature_columns.json
          feature_info_path: artifacts/preprocessing/feature_info.json
          training_history_path: artifacts/metrics/training_history.json
          train_metrics_path: artifacts/metrics/train_metrics.json
          test_metrics_path: artifacts/metrics/test_metrics.json
          evaluation_metrics_path: artifacts/metrics/evaluation_metrics.json
          classification_report_path: 
            artifacts/metrics/classification_report.json
          retrain_metrics_path: artifacts/metrics/retrain_metrics.json
          retrain_history_path: artifacts/metrics/retrain_history.json
          monitoring_metrics_path: artifacts/metrics/monitoring_metrics.json
          training_metadata_path: artifacts/metadata/training_metadata.json
          evaluation_metadata_path: artifacts/metadata/evaluation_metadata.json
          new_data_metadata_path: artifacts/metadata/new_data_metadata.json
          retrain_metadata_path: artifacts/metadata/retrain_metadata.json
          last_retrain_path: artifacts/metadata/last_retrain.txt
          model_version_path: artifacts/metadata/model_version.txt
          monitoring_summary_path: artifacts/metadata/monitoring_summary.json
          retraining_flags_path: artifacts/metadata/retraining_flags.json
          x_test_path: artifacts/data/X_test.npy
          y_test_path: artifacts/data/y_test.npy
          x_new_path: artifacts/data/X_new.npy
          x_new_2d_path: artifacts/data/X_new_2d.npy
          y_new_path: artifacts/data/y_new.npy
          aligned_new_data_path: artifacts/data/new_data_aligned.csv
          test_predictions_path: artifacts/data/test_predictions.csv
          submission_path: artifacts/data/submission.csv
          confusion_matrix_plot_path: reports/confusion_matrix.png
          prediction_distribution_plot_path: reports/prediction_distribution.png
    outs:
    - path: artifacts/metadata/monitoring_summary.json
      hash: md5
      md5: c887fa8b315b052fb9e93bb83bd17dd2
      size: 6198
    - path: artifacts/metadata/retraining_flags.json
      hash: md5
      md5: 5df7e18e342a1cd146d6ab8a6425304b
      size: 290
    - path: artifacts/metrics/monitoring_metrics.json
      hash: md5
      md5: c887fa8b315b052fb9e93bb83bd17dd2
      size: 6198
  retrain:
    cmd: python src/retrain.py
    deps:
    - path: artifacts/data/train_with_new_data.csv
      hash: md5
      md5: ae28d762b9d709b48a58aa0bed276a4e
      size: 82655
    - path: artifacts/metadata/retraining_flags.json
      hash: md5
      md5: 5df7e18e342a1cd146d6ab8a6425304b
      size: 290
    - path: artifacts/preprocessing/feature_info.json
      hash: md5
      md5: d42d1ba3ddccf219c4b57f9fe4c00638
      size: 704
    - path: artifacts/preprocessing/scaler.joblib
      hash: md5
      md5: 349d897e42175f1745efae1ce46acb54
      size: 3778
    - path: models/base_model.h5
      hash: md5
      md5: 1e8b413019684474f140304ff870d194
      size: 79736
    - path: models/base_model.keras
      hash: md5
      md5: 68cbcd6c10273229ab5f97f0f57622cd
      size: 74774
    - path: src/model.py
      hash: md5
      md5: 0e72a05caec204e6609e6a9aae7becf9
      size: 13946
    - path: src/retrain.py
      hash: md5
      md5: 9f3fb3a8ace27e133e0fbc8375c293ea
      size: 9691
    - path: test/test.csv
      hash: md5
      md5: 0a814867ccc5249e2faf21b2b24eb9ff
      size: 20438
    params:
      params.yaml:
        data:
          target_column: target_encoded
        model:
          name: mlp_classifier
          hidden_layers:
          - 64
          - 32
          - 16
          activation: relu
          dropout: 0.223
          l2_reg: 0.0001
          learning_rate: 0.001
          loss: sparse_categorical_crossentropy
        paths:
          source_data: data/cleaned_dataset.csv
          train_data: train/train.csv
          test_data: test/test.csv
          new_data: data/new_data.csv
          combined_train_data: artifacts/data/train_with_new_data.csv
          base_model_path: models/base_model.keras
          base_legacy_model_path: models/base_model.h5
          monitor_model_path: models/base_model.keras
          model_path: models/model.keras
          legacy_model_path: models/model.h5
          scaler_path: artifacts/preprocessing/scaler.joblib
          feature_columns_path: artifacts/preprocessing/feature_columns.json
          feature_info_path: artifacts/preprocessing/feature_info.json
          training_history_path: artifacts/metrics/training_history.json
          train_metrics_path: artifacts/metrics/train_metrics.json
          test_metrics_path: artifacts/metrics/test_metrics.json
          evaluation_metrics_path: artifacts/metrics/evaluation_metrics.json
          classification_report_path: 
            artifacts/metrics/classification_report.json
          retrain_metrics_path: artifacts/metrics/retrain_metrics.json
          retrain_history_path: artifacts/metrics/retrain_history.json
          monitoring_metrics_path: artifacts/metrics/monitoring_metrics.json
          training_metadata_path: artifacts/metadata/training_metadata.json
          evaluation_metadata_path: artifacts/metadata/evaluation_metadata.json
          new_data_metadata_path: artifacts/metadata/new_data_metadata.json
          retrain_metadata_path: artifacts/metadata/retrain_metadata.json
          last_retrain_path: artifacts/metadata/last_retrain.txt
          model_version_path: artifacts/metadata/model_version.txt
          monitoring_summary_path: artifacts/metadata/monitoring_summary.json
          retraining_flags_path: artifacts/metadata/retraining_flags.json
          x_test_path: artifacts/data/X_test.npy
          y_test_path: artifacts/data/y_test.npy
          x_new_path: artifacts/data/X_new.npy
          x_new_2d_path: artifacts/data/X_new_2d.npy
          y_new_path: artifacts/data/y_new.npy
          aligned_new_data_path: artifacts/data/new_data_aligned.csv
          test_predictions_path: artifacts/data/test_predictions.csv
          submission_path: artifacts/data/submission.csv
          confusion_matrix_plot_path: reports/confusion_matrix.png
          prediction_distribution_plot_path: reports/prediction_distribution.png
        preprocessing:
          imputer_strategy: median
          standard_scale_columns:
          - BMI
          minmax_scale_columns:
          - Eating_risk
          - Activity_risk
          - Lifestyle_risk
        retrain:
          mode: fine_tune
          epochs: 30
        training:
          random_state: 42
          epochs: 100
          batch_size: 64
          validation_split: 0.435
          verbose: 1
          early_stopping:
            enabled: true
            monitor: val_loss
            patience: 20
            restore_best_weights: true
    outs:
    - path: artifacts/metadata/last_retrain.txt
      hash: md5
      md5: b5e9cc70c07bbdcbaa2c1a5806dfee70
      size: 40
    - path: artifacts/metadata/model_version.txt
      hash: md5
      md5: a233ca99d17f588652d142e7b3245662
      size: 34
    - path: artifacts/metadata/retrain_metadata.json
      hash: md5
      md5: 967d18af3d045d7dc88edc5348321957
      size: 522
    - path: artifacts/metrics/retrain_history.json
      hash: md5
      md5: 99914b932bd37a50b983c5e7c90ae93b
      size: 2
    - path: artifacts/metrics/retrain_metrics.json
      hash: md5
      md5: 967d18af3d045d7dc88edc5348321957
      size: 522
    - path: models/model.h5
      hash: md5
      md5: 1e8b413019684474f140304ff870d194
      size: 79736
    - path: models/model.keras
      hash: md5
      md5: 68cbcd6c10273229ab5f97f0f57622cd
      size: 74774
