schema: '2.0'
stages:
  train:
    cmd: python src/model.py
    deps:
    - path: src/model.py
      hash: md5
      md5: 0e72a05caec204e6609e6a9aae7becf9
      size: 13946
    - path: test/test.csv
      hash: md5
      md5: 0a814867ccc5249e2faf21b2b24eb9ff
      size: 20438
    - path: train/train.csv
      hash: md5
      md5: 7e36e5ec496d4e62f6aa72906f438269
      size: 72154
    params:
      params.yaml:
        data:
          target_column: target_encoded
        model:
          name: mlp_classifier
          hidden_layers:
          - 64
          - 32
          - 16
          activation: relu
          dropout: 0.25
          l2_reg: 0.0001
          learning_rate: 0.001
          loss: sparse_categorical_crossentropy
        paths:
          source_data: data/cleaned_dataset.csv
          train_data: train/train.csv
          test_data: test/test.csv
          new_data: data/new_data.csv
          combined_train_data: artifacts/data/train_with_new_data.csv
          base_model_path: models/base_model.keras
          base_legacy_model_path: models/base_model.h5
          monitor_model_path: models/base_model.keras
          model_path: models/model.keras
          legacy_model_path: models/model.h5
          scaler_path: artifacts/preprocessing/scaler.joblib
          feature_columns_path: artifacts/preprocessing/feature_columns.json
          feature_info_path: artifacts/preprocessing/feature_info.json
          training_history_path: artifacts/metrics/training_history.json
          train_metrics_path: artifacts/metrics/train_metrics.json
          test_metrics_path: artifacts/metrics/test_metrics.json
          evaluation_metrics_path: artifacts/metrics/evaluation_metrics.json
          classification_report_path: 
            artifacts/metrics/classification_report.json
          retrain_metrics_path: artifacts/metrics/retrain_metrics.json
          retrain_history_path: artifacts/metrics/retrain_history.json
          monitoring_metrics_path: artifacts/metrics/monitoring_metrics.json
          training_metadata_path: artifacts/metadata/training_metadata.json
          evaluation_metadata_path: artifacts/metadata/evaluation_metadata.json
          new_data_metadata_path: artifacts/metadata/new_data_metadata.json
          retrain_metadata_path: artifacts/metadata/retrain_metadata.json
          last_retrain_path: artifacts/metadata/last_retrain.txt
          model_version_path: artifacts/metadata/model_version.txt
          monitoring_summary_path: artifacts/metadata/monitoring_summary.json
          retraining_flags_path: artifacts/metadata/retraining_flags.json
          x_test_path: artifacts/data/X_test.npy
          y_test_path: artifacts/data/y_test.npy
          x_new_path: artifacts/data/X_new.npy
          x_new_2d_path: artifacts/data/X_new_2d.npy
          y_new_path: artifacts/data/y_new.npy
          aligned_new_data_path: artifacts/data/new_data_aligned.csv
          test_predictions_path: artifacts/data/test_predictions.csv
          submission_path: artifacts/data/submission.csv
          confusion_matrix_plot_path: reports/confusion_matrix.png
          prediction_distribution_plot_path: reports/prediction_distribution.png
        preprocessing:
          imputer_strategy: median
          standard_scale_columns:
          - BMI
          minmax_scale_columns:
          - Eating_risk
          - Activity_risk
          - Lifestyle_risk
        training:
          random_state: 42
          epochs: 105
          batch_size: 64
          validation_split: 0.435
          verbose: 1
          early_stopping:
            enabled: true
            monitor: val_loss
            patience: 20
            restore_best_weights: true
    outs:
    - path: artifacts/data/X_test.npy
      hash: md5
      md5: 52fb932ae15afd0f9b47f5b7316396d4
      size: 8448
    - path: artifacts/data/y_test.npy
      hash: md5
      md5: 2c5ecf8bdbfb08e4733f5419cab037a1
      size: 3456
    - path: artifacts/metadata/training_metadata.json
      hash: md5
      md5: a48fc92f86bac29f530a253736d8fb9b
      size: 398
    - path: artifacts/metrics/test_metrics.json
      hash: md5
      md5: 8b76404b6603a706f7d39f6dfd5018e4
      size: 275
    - path: artifacts/metrics/train_metrics.json
      hash: md5
      md5: 51aab3894dd3a8d7400ad1964ddd0596
      size: 276
    - path: artifacts/metrics/training_history.json
      hash: md5
      md5: 433e5a190593df21dec466beddda1c5e
      size: 10175
    - path: artifacts/preprocessing/feature_columns.json
      hash: md5
      md5: 0ce27d72bebd467ee73803aa947af729
      size: 103
    - path: artifacts/preprocessing/feature_info.json
      hash: md5
      md5: d42d1ba3ddccf219c4b57f9fe4c00638
      size: 704
    - path: artifacts/preprocessing/scaler.joblib
      hash: md5
      md5: 59dd49d1d845ae82ad95b04e245b6e5b
      size: 3794
    - path: models/base_model.h5
      hash: md5
      md5: 6ab5a20693c1862c02b17d3e173e0b9b
      size: 79736
    - path: models/base_model.keras
      hash: md5
      md5: c6433450645c13fa6b43303582a87502
      size: 74591
  preprocess_new_data:
    cmd: python src/preprocess_new_data.py
    deps:
    - path: artifacts/preprocessing/feature_info.json
      hash: md5
      md5: d42d1ba3ddccf219c4b57f9fe4c00638
      size: 704
    - path: artifacts/preprocessing/scaler.joblib
      hash: md5
      md5: 59dd49d1d845ae82ad95b04e245b6e5b
      size: 3794
    - path: data/new_data.csv
      hash: md5
      md5: 69dd91dc4dc953bedd230436801ca77e
      size: 10674
    - path: src/preprocess_new_data.py
      hash: md5
      md5: e45dd1f65d807d2551f6df08d070908d
      size: 5927
    - path: train/train.csv
      hash: md5
      md5: 7e36e5ec496d4e62f6aa72906f438269
      size: 72154
    params:
      params.yaml:
        paths:
          source_data: data/cleaned_dataset.csv
          train_data: train/train.csv
          test_data: test/test.csv
          new_data: data/new_data.csv
          combined_train_data: artifacts/data/train_with_new_data.csv
          base_model_path: models/base_model.keras
          base_legacy_model_path: models/base_model.h5
          monitor_model_path: models/base_model.keras
          model_path: models/model.keras
          legacy_model_path: models/model.h5
          scaler_path: artifacts/preprocessing/scaler.joblib
          feature_columns_path: artifacts/preprocessing/feature_columns.json
          feature_info_path: artifacts/preprocessing/feature_info.json
          training_history_path: artifacts/metrics/training_history.json
          train_metrics_path: artifacts/metrics/train_metrics.json
          test_metrics_path: artifacts/metrics/test_metrics.json
          evaluation_metrics_path: artifacts/metrics/evaluation_metrics.json
          classification_report_path: 
            artifacts/metrics/classification_report.json
          retrain_metrics_path: artifacts/metrics/retrain_metrics.json
          retrain_history_path: artifacts/metrics/retrain_history.json
          monitoring_metrics_path: artifacts/metrics/monitoring_metrics.json
          training_metadata_path: artifacts/metadata/training_metadata.json
          evaluation_metadata_path: artifacts/metadata/evaluation_metadata.json
          new_data_metadata_path: artifacts/metadata/new_data_metadata.json
          retrain_metadata_path: artifacts/metadata/retrain_metadata.json
          last_retrain_path: artifacts/metadata/last_retrain.txt
          model_version_path: artifacts/metadata/model_version.txt
          monitoring_summary_path: artifacts/metadata/monitoring_summary.json
          retraining_flags_path: artifacts/metadata/retraining_flags.json
          x_test_path: artifacts/data/X_test.npy
          y_test_path: artifacts/data/y_test.npy
          x_new_path: artifacts/data/X_new.npy
          x_new_2d_path: artifacts/data/X_new_2d.npy
          y_new_path: artifacts/data/y_new.npy
          aligned_new_data_path: artifacts/data/new_data_aligned.csv
          test_predictions_path: artifacts/data/test_predictions.csv
          submission_path: artifacts/data/submission.csv
          confusion_matrix_plot_path: reports/confusion_matrix.png
          prediction_distribution_plot_path: reports/prediction_distribution.png
    outs:
    - path: artifacts/data/X_new.npy
      hash: md5
      md5: 2ae08a83bbce1aa956583c8b250f1e5a
      size: 4308
    - path: artifacts/data/X_new_2d.npy
      hash: md5
      md5: 804585a9c809ffe5c1f0aeff56552d2c
      size: 4308
    - path: artifacts/data/new_data_aligned.csv
      hash: md5
      md5: 9a0b0915862f9735e4483f8791816d5b
      size: 10666
    - path: artifacts/data/train_with_new_data.csv
      hash: md5
      md5: ae28d762b9d709b48a58aa0bed276a4e
      size: 82655
    - path: artifacts/data/y_new.npy
      hash: md5
      md5: f4737ecb39900539096d4432b978ca02
      size: 964
    - path: artifacts/metadata/new_data_metadata.json
      hash: md5
      md5: 6f4345558683092122286cb394254571
      size: 395
  monitor:
    cmd: python src/monitor.py
    deps:
    - path: artifacts/data/X_new.npy
      hash: md5
      md5: 2ae08a83bbce1aa956583c8b250f1e5a
      size: 4308
    - path: artifacts/data/X_test.npy
      hash: md5
      md5: 52fb932ae15afd0f9b47f5b7316396d4
      size: 8448
    - path: artifacts/data/y_new.npy
      hash: md5
      md5: f4737ecb39900539096d4432b978ca02
      size: 964
    - path: artifacts/data/y_test.npy
      hash: md5
      md5: 2c5ecf8bdbfb08e4733f5419cab037a1
      size: 3456
    - path: artifacts/preprocessing/feature_info.json
      hash: md5
      md5: d42d1ba3ddccf219c4b57f9fe4c00638
      size: 704
    - path: data/new_data.csv
      hash: md5
      md5: 69dd91dc4dc953bedd230436801ca77e
      size: 10674
    - path: models/base_model.keras
      hash: md5
      md5: c6433450645c13fa6b43303582a87502
      size: 74591
    - path: src/monitor.py
      hash: md5
      md5: ce9ea250e180686a2029bdf8929d4391
      size: 20804
    - path: train/train.csv
      hash: md5
      md5: 7e36e5ec496d4e62f6aa72906f438269
      size: 72154
    params:
      params.yaml:
        data:
          target_column: target_encoded
        monitoring:
          min_labelled_new_rows: 20
          accuracy_drop_threshold: 0.05
          precision_drop_threshold: 0.05
          recall_drop_threshold: 0.05
          f1_drop_threshold: 0.05
          mean_shift_threshold: 0.2
          std_shift_threshold: 0.3
          ks_pvalue_threshold: 0.05
          class_dist_threshold: 0.1
          missing_rate_threshold: 0.05
        paths:
          source_data: data/cleaned_dataset.csv
          train_data: train/train.csv
          test_data: test/test.csv
          new_data: data/new_data.csv
          combined_train_data: artifacts/data/train_with_new_data.csv
          base_model_path: models/base_model.keras
          base_legacy_model_path: models/base_model.h5
          monitor_model_path: models/base_model.keras
          model_path: models/model.keras
          legacy_model_path: models/model.h5
          scaler_path: artifacts/preprocessing/scaler.joblib
          feature_columns_path: artifacts/preprocessing/feature_columns.json
          feature_info_path: artifacts/preprocessing/feature_info.json
          training_history_path: artifacts/metrics/training_history.json
          train_metrics_path: artifacts/metrics/train_metrics.json
          test_metrics_path: artifacts/metrics/test_metrics.json
          evaluation_metrics_path: artifacts/metrics/evaluation_metrics.json
          classification_report_path: 
            artifacts/metrics/classification_report.json
          retrain_metrics_path: artifacts/metrics/retrain_metrics.json
          retrain_history_path: artifacts/metrics/retrain_history.json
          monitoring_metrics_path: artifacts/metrics/monitoring_metrics.json
          training_metadata_path: artifacts/metadata/training_metadata.json
          evaluation_metadata_path: artifacts/metadata/evaluation_metadata.json
          new_data_metadata_path: artifacts/metadata/new_data_metadata.json
          retrain_metadata_path: artifacts/metadata/retrain_metadata.json
          last_retrain_path: artifacts/metadata/last_retrain.txt
          model_version_path: artifacts/metadata/model_version.txt
          monitoring_summary_path: artifacts/metadata/monitoring_summary.json
          retraining_flags_path: artifacts/metadata/retraining_flags.json
          x_test_path: artifacts/data/X_test.npy
          y_test_path: artifacts/data/y_test.npy
          x_new_path: artifacts/data/X_new.npy
          x_new_2d_path: artifacts/data/X_new_2d.npy
          y_new_path: artifacts/data/y_new.npy
          aligned_new_data_path: artifacts/data/new_data_aligned.csv
          test_predictions_path: artifacts/data/test_predictions.csv
          submission_path: artifacts/data/submission.csv
          confusion_matrix_plot_path: reports/confusion_matrix.png
          prediction_distribution_plot_path: reports/prediction_distribution.png
    outs:
    - path: artifacts/metadata/monitoring_summary.json
      hash: md5
      md5: f35277b8ad4858c6ba02714fe84c537b
      size: 6196
    - path: artifacts/metadata/retraining_flags.json
      hash: md5
      md5: 5df7e18e342a1cd146d6ab8a6425304b
      size: 290
    - path: artifacts/metrics/monitoring_metrics.json
      hash: md5
      md5: f35277b8ad4858c6ba02714fe84c537b
      size: 6196
  retrain:
    cmd: python src/retrain.py
    deps:
    - path: artifacts/data/train_with_new_data.csv
      hash: md5
      md5: ae28d762b9d709b48a58aa0bed276a4e
      size: 82655
    - path: artifacts/metadata/retraining_flags.json
      hash: md5
      md5: 5df7e18e342a1cd146d6ab8a6425304b
      size: 290
    - path: artifacts/preprocessing/feature_info.json
      hash: md5
      md5: d42d1ba3ddccf219c4b57f9fe4c00638
      size: 704
    - path: artifacts/preprocessing/scaler.joblib
      hash: md5
      md5: 59dd49d1d845ae82ad95b04e245b6e5b
      size: 3794
    - path: models/base_model.h5
      hash: md5
      md5: 6ab5a20693c1862c02b17d3e173e0b9b
      size: 79736
    - path: models/base_model.keras
      hash: md5
      md5: c6433450645c13fa6b43303582a87502
      size: 74591
    - path: src/model.py
      hash: md5
      md5: 0e72a05caec204e6609e6a9aae7becf9
      size: 13946
    - path: src/retrain.py
      hash: md5
      md5: 9f3fb3a8ace27e133e0fbc8375c293ea
      size: 9691
    - path: test/test.csv
      hash: md5
      md5: 0a814867ccc5249e2faf21b2b24eb9ff
      size: 20438
    params:
      params.yaml:
        data:
          target_column: target_encoded
        model:
          name: mlp_classifier
          hidden_layers:
          - 64
          - 32
          - 16
          activation: relu
          dropout: 0.25
          l2_reg: 0.0001
          learning_rate: 0.001
          loss: sparse_categorical_crossentropy
        paths:
          source_data: data/cleaned_dataset.csv
          train_data: train/train.csv
          test_data: test/test.csv
          new_data: data/new_data.csv
          combined_train_data: artifacts/data/train_with_new_data.csv
          base_model_path: models/base_model.keras
          base_legacy_model_path: models/base_model.h5
          monitor_model_path: models/base_model.keras
          model_path: models/model.keras
          legacy_model_path: models/model.h5
          scaler_path: artifacts/preprocessing/scaler.joblib
          feature_columns_path: artifacts/preprocessing/feature_columns.json
          feature_info_path: artifacts/preprocessing/feature_info.json
          training_history_path: artifacts/metrics/training_history.json
          train_metrics_path: artifacts/metrics/train_metrics.json
          test_metrics_path: artifacts/metrics/test_metrics.json
          evaluation_metrics_path: artifacts/metrics/evaluation_metrics.json
          classification_report_path: 
            artifacts/metrics/classification_report.json
          retrain_metrics_path: artifacts/metrics/retrain_metrics.json
          retrain_history_path: artifacts/metrics/retrain_history.json
          monitoring_metrics_path: artifacts/metrics/monitoring_metrics.json
          training_metadata_path: artifacts/metadata/training_metadata.json
          evaluation_metadata_path: artifacts/metadata/evaluation_metadata.json
          new_data_metadata_path: artifacts/metadata/new_data_metadata.json
          retrain_metadata_path: artifacts/metadata/retrain_metadata.json
          last_retrain_path: artifacts/metadata/last_retrain.txt
          model_version_path: artifacts/metadata/model_version.txt
          monitoring_summary_path: artifacts/metadata/monitoring_summary.json
          retraining_flags_path: artifacts/metadata/retraining_flags.json
          x_test_path: artifacts/data/X_test.npy
          y_test_path: artifacts/data/y_test.npy
          x_new_path: artifacts/data/X_new.npy
          x_new_2d_path: artifacts/data/X_new_2d.npy
          y_new_path: artifacts/data/y_new.npy
          aligned_new_data_path: artifacts/data/new_data_aligned.csv
          test_predictions_path: artifacts/data/test_predictions.csv
          submission_path: artifacts/data/submission.csv
          confusion_matrix_plot_path: reports/confusion_matrix.png
          prediction_distribution_plot_path: reports/prediction_distribution.png
        preprocessing:
          imputer_strategy: median
          standard_scale_columns:
          - BMI
          minmax_scale_columns:
          - Eating_risk
          - Activity_risk
          - Lifestyle_risk
        retrain:
          mode: fine_tune
          epochs: 30
        training:
          random_state: 42
          epochs: 105
          batch_size: 64
          validation_split: 0.435
          verbose: 1
          early_stopping:
            enabled: true
            monitor: val_loss
            patience: 20
            restore_best_weights: true
    outs:
    - path: artifacts/metadata/last_retrain.txt
      hash: md5
      md5: d63af07b9ec63b7b418173b1fa1a73d7
      size: 40
    - path: artifacts/metadata/model_version.txt
      hash: md5
      md5: 63ba7f9722bb9fbef1b8080f78b828e8
      size: 34
    - path: artifacts/metadata/retrain_metadata.json
      hash: md5
      md5: 05b9079f196045a013776ac510063edd
      size: 522
    - path: artifacts/metrics/retrain_history.json
      hash: md5
      md5: 99914b932bd37a50b983c5e7c90ae93b
      size: 2
    - path: artifacts/metrics/retrain_metrics.json
      hash: md5
      md5: 05b9079f196045a013776ac510063edd
      size: 522
    - path: models/model.h5
      hash: md5
      md5: 6ab5a20693c1862c02b17d3e173e0b9b
      size: 79736
    - path: models/model.keras
      hash: md5
      md5: c6433450645c13fa6b43303582a87502
      size: 74591
  evaluate:
    cmd: python src/evaluate.py
    deps:
    - path: artifacts/data/X_test.npy
      hash: md5
      md5: 52fb932ae15afd0f9b47f5b7316396d4
      size: 8448
    - path: artifacts/data/y_test.npy
      hash: md5
      md5: 2c5ecf8bdbfb08e4733f5419cab037a1
      size: 3456
    - path: artifacts/metadata/last_retrain.txt
      hash: md5
      md5: d63af07b9ec63b7b418173b1fa1a73d7
      size: 40
    - path: artifacts/preprocessing/feature_info.json
      hash: md5
      md5: d42d1ba3ddccf219c4b57f9fe4c00638
      size: 704
    - path: models/model.keras
      hash: md5
      md5: c6433450645c13fa6b43303582a87502
      size: 74591
    - path: src/evaluate.py
      hash: md5
      md5: c3660bf7d2852c4a64c4a0fc7ab7df17
      size: 7058
    params:
      params.yaml:
        paths:
          source_data: data/cleaned_dataset.csv
          train_data: train/train.csv
          test_data: test/test.csv
          new_data: data/new_data.csv
          combined_train_data: artifacts/data/train_with_new_data.csv
          base_model_path: models/base_model.keras
          base_legacy_model_path: models/base_model.h5
          monitor_model_path: models/base_model.keras
          model_path: models/model.keras
          legacy_model_path: models/model.h5
          scaler_path: artifacts/preprocessing/scaler.joblib
          feature_columns_path: artifacts/preprocessing/feature_columns.json
          feature_info_path: artifacts/preprocessing/feature_info.json
          training_history_path: artifacts/metrics/training_history.json
          train_metrics_path: artifacts/metrics/train_metrics.json
          test_metrics_path: artifacts/metrics/test_metrics.json
          evaluation_metrics_path: artifacts/metrics/evaluation_metrics.json
          classification_report_path: 
            artifacts/metrics/classification_report.json
          retrain_metrics_path: artifacts/metrics/retrain_metrics.json
          retrain_history_path: artifacts/metrics/retrain_history.json
          monitoring_metrics_path: artifacts/metrics/monitoring_metrics.json
          training_metadata_path: artifacts/metadata/training_metadata.json
          evaluation_metadata_path: artifacts/metadata/evaluation_metadata.json
          new_data_metadata_path: artifacts/metadata/new_data_metadata.json
          retrain_metadata_path: artifacts/metadata/retrain_metadata.json
          last_retrain_path: artifacts/metadata/last_retrain.txt
          model_version_path: artifacts/metadata/model_version.txt
          monitoring_summary_path: artifacts/metadata/monitoring_summary.json
          retraining_flags_path: artifacts/metadata/retraining_flags.json
          x_test_path: artifacts/data/X_test.npy
          y_test_path: artifacts/data/y_test.npy
          x_new_path: artifacts/data/X_new.npy
          x_new_2d_path: artifacts/data/X_new_2d.npy
          y_new_path: artifacts/data/y_new.npy
          aligned_new_data_path: artifacts/data/new_data_aligned.csv
          test_predictions_path: artifacts/data/test_predictions.csv
          submission_path: artifacts/data/submission.csv
          confusion_matrix_plot_path: reports/confusion_matrix.png
          prediction_distribution_plot_path: reports/prediction_distribution.png
    outs:
    - path: artifacts/data/submission.csv
      hash: md5
      md5: 532e16f8a6928aaffd7528f5ee1ecd0f
      size: 2404
    - path: artifacts/data/test_predictions.csv
      hash: md5
      md5: 7ba2a7c10db562bdc6f030f7ba95d69a
      size: 46783
    - path: artifacts/metadata/evaluation_metadata.json
      hash: md5
      md5: 89c68c1dc1720a35eb93ac1aed80b46b
      size: 327
    - path: artifacts/metrics/classification_report.json
      hash: md5
      md5: fb6689a7bdddd7a0bdb1bd227dee2e86
      size: 1310
    - path: artifacts/metrics/evaluation_metrics.json
      hash: md5
      md5: 8b76404b6603a706f7d39f6dfd5018e4
      size: 275
    - path: reports/confusion_matrix.png
      hash: md5
      md5: 6aad1ee24de9f4f5c4ae5a0cc066fc63
      size: 109769
    - path: reports/prediction_distribution.png
      hash: md5
      md5: 0f0e076bd639b4c97ab608d254b4541b
      size: 77394
